
Microsoft Visual Studio Solution File, Format Version 11.00
# Visual Studio 2010
Project("{FAE04EC0-301F-11D3-BF4B-00C04F79EFBC}") = "Mono.Posix", "Mono.Posix\Mono.Posix.csproj", "{03B2A1AD-BF80-4083-965E-261628E7B8D2}"
EndProject
Global
	GlobalSection(SolutionConfigurationPlatforms) = preSolution
		Debug|Any CPU = Debug|Any CPU
		Release|Any CPU = Release|Any CPU
	EndGlobalSection
	GlobalSection(ProjectConfigurationPlatforms) = postSolution
		{03B2A1AD-BF80-4083-965E-261628E7B8D2}.Debug|Any CPU.ActiveCfg = Debug|Any CPU
		{03B2A1AD-BF80-4083-965E-261628E7B8D2}.Debug|Any CPU.Build.0 = Debug|Any CPU
		{03B2A1AD-BF80-4083-965E-261628E7B8D2}.Release|Any CPU.ActiveCfg = Release|Any CPU
		{03B2A1AD-BF80-4083-965E-261628E7B8D2}.Release|Any CPU.Build.0 = Release|Any CPU
	EndGlobalSection
	GlobalSection(SolutionProperties) = preSolution
		HideSolutionNode = FALSE
	EndGlobalSection
EndGlobal
